// !$*UTF8*$!
{
	archiveVersion = 1;
	classes = {
	};
	objectVersion = 46;
	objects = {

/* Begin PBXBuildFile section */
		DED33646155D52AA00DBB25E /* UIKit.framework in Frameworks */ = {isa = PBXBuildFile; fileRef = DED33645155D52AA00DBB25E /* UIKit.framework */; };
		DED33648155D52AA00DBB25E /* Foundation.framework in Frameworks */ = {isa = PBXBuildFile; fileRef = DED33647155D52AA00DBB25E /* Foundation.framework */; };
		DED3364A155D52AA00DBB25E /* CoreGraphics.framework in Frameworks */ = {isa = PBXBuildFile; fileRef = DED33649155D52AA00DBB25E /* CoreGraphics.framework */; };
		DED33650155D52AA00DBB25E /* InfoPlist.strings in Resources */ = {isa = PBXBuildFile; fileRef = DED3364E155D52AA00DBB25E /* InfoPlist.strings */; };
		DED33652155D52AA00DBB25E /* main.m in Sources */ = {isa = PBXBuildFile; fileRef = DED33651155D52AA00DBB25E /* main.m */; };
		DED33656155D52AA00DBB25E /* AppDelegate.m in Sources */ = {isa = PBXBuildFile; fileRef = DED33655155D52AA00DBB25E /* AppDelegate.m */; };
		DED33659155D52AA00DBB25E /* MainStoryboard_iPhone.storyboard in Resources */ = {isa = PBXBuildFile; fileRef = DED33657155D52AA00DBB25E /* MainStoryboard_iPhone.storyboard */; };
		DED3365C155D52AA00DBB25E /* MainStoryboard_iPad.storyboard in Resources */ = {isa = PBXBuildFile; fileRef = DED3365A155D52AA00DBB25E /* MainStoryboard_iPad.storyboard */; };
		DED3365F155D52AA00DBB25E /* FirstViewController.m in Sources */ = {isa = PBXBuildFile; fileRef = DED3365E155D52AA00DBB25E /* FirstViewController.m */; };
		DED33661155D52AA00DBB25E /* first.png in Resources */ = {isa = PBXBuildFile; fileRef = DED33660155D52AA00DBB25E /* first.png */; };
		DED33663155D52AA00DBB25E /* first@2x.png in Resources */ = {isa = PBXBuildFile; fileRef = DED33662155D52AA00DBB25E /* first@2x.png */; };
		DED33666155D52AA00DBB25E /* SecondViewController.m in Sources */ = {isa = PBXBuildFile; fileRef = DED33665155D52AA00DBB25E /* SecondViewController.m */; };
		DED33668155D52AA00DBB25E /* second.png in Resources */ = {isa = PBXBuildFile; fileRef = DED33667155D52AA00DBB25E /* second.png */; };
		DED3366A155D52AA00DBB25E /* second@2x.png in Resources */ = {isa = PBXBuildFile; fileRef = DED33669155D52AA00DBB25E /* second@2x.png */; };
		DED33672155D52AA00DBB25E /* SenTestingKit.framework in Frameworks */ = {isa = PBXBuildFile; fileRef = DED33671155D52AA00DBB25E /* SenTestingKit.framework */; };
		DED33673155D52AA00DBB25E /* UIKit.framework in Frameworks */ = {isa = PBXBuildFile; fileRef = DED33645155D52AA00DBB25E /* UIKit.framework */; };
		DED33674155D52AA00DBB25E /* Foundation.framework in Frameworks */ = {isa = PBXBuildFile; fileRef = DED33647155D52AA00DBB25E /* Foundation.framework */; };
		DED3367C155D52AA00DBB25E /* InfoPlist.strings in Resources */ = {isa = PBXBuildFile; fileRef = DED3367A155D52AA00DBB25E /* InfoPlist.strings */; };
		DED3367F155D52AA00DBB25E /* OOL_Sample_AdhocTests.m in Sources */ = {isa = PBXBuildFile; fileRef = DED3367E155D52AA00DBB25E /* OOL_Sample_AdhocTests.m */; };
/* End PBXBuildFile section */

/* Begin PBXContainerItemProxy section */
		DED33675155D52AA00DBB25E /* PBXContainerItemProxy */ = {
			isa = PBXContainerItemProxy;
			containerPortal = DED33638155D52AA00DBB25E /* Project object */;
			proxyType = 1;
			remoteGlobalIDString = DED33640155D52AA00DBB25E;
			remoteInfo = "OOL Sample Adhoc";
		};
/* End PBXContainerItemProxy section */

/* Begin PBXFileReference section */
		DED33641155D52AA00DBB25E /* OOL Sample Adhoc.app */ = {isa = PBXFileReference; explicitFileType = wrapper.application; includeInIndex = 0; path = "OOL Sample Adhoc.app"; sourceTree = BUILT_PRODUCTS_DIR; };
		DED33645155D52AA00DBB25E /* UIKit.framework */ = {isa = PBXFileReference; lastKnownFileType = wrapper.framework; name = UIKit.framework; path = System/Library/Frameworks/UIKit.framework; sourceTree = SDKROOT; };
		DED33647155D52AA00DBB25E /* Foundation.framework */ = {isa = PBXFileReference; lastKnownFileType = wrapper.framework; name = Foundation.framework; path = System/Library/Frameworks/Foundation.framework; sourceTree = SDKROOT; };
		DED33649155D52AA00DBB25E /* CoreGraphics.framework */ = {isa = PBXFileReference; lastKnownFileType = wrapper.framework; name = CoreGraphics.framework; path = System/Library/Frameworks/CoreGraphics.framework; sourceTree = SDKROOT; };
		DED3364D155D52AA00DBB25E /* OOL Sample Adhoc-Info.plist */ = {isa = PBXFileReference; path = "OOL Sample Adhoc-Info.plist"; sourceTree = "<group>"; };
		DED3364F155D52AA00DBB25E /* en */ = {isa = PBXFileReference; lastKnownFileType = text.plist.strings; name = en; path = en.lproj/InfoPlist.strings; sourceTree = "<group>"; };
		DED33651155D52AA00DBB25E /* main.m */ = {isa = PBXFileReference; lastKnownFileType = sourcecode.c.objc; path = main.m; sourceTree = "<group>"; };
		DED33653155D52AA00DBB25E /* OOL Sample Adhoc-Prefix.pch */ = {isa = PBXFileReference; path = "OOL Sample Adhoc-Prefix.pch"; sourceTree = "<group>"; };
		DED33654155D52AA00DBB25E /* AppDelegate.h */ = {isa = PBXFileReference; path = AppDelegate.h; sourceTree = "<group>"; };
		DED33655155D52AA00DBB25E /* AppDelegate.m */ = {isa = PBXFileReference; lastKnownFileType = sourcecode.c.objc; path = AppDelegate.m; sourceTree = "<group>"; };
		DED33658155D52AA00DBB25E /* en */ = {isa = PBXFileReference; lastKnownFileType = file.storyboard; name = en; path = en.lproj/MainStoryboard_iPhone.storyboard; sourceTree = "<group>"; };
		DED3365B155D52AA00DBB25E /* en */ = {isa = PBXFileReference; lastKnownFileType = file.storyboard; name = en; path = en.lproj/MainStoryboard_iPad.storyboard; sourceTree = "<group>"; };
		DED3365D155D52AA00DBB25E /* FirstViewController.h */ = {isa = PBXFileReference; path = FirstViewController.h; sourceTree = "<group>"; };
		DED3365E155D52AA00DBB25E /* FirstViewController.m */ = {isa = PBXFileReference; lastKnownFileType = sourcecode.c.objc; path = FirstViewController.m; sourceTree = "<group>"; };
		DED33660155D52AA00DBB25E /* first.png */ = {isa = PBXFileReference; lastKnownFileType = image.png; path = first.png; sourceTree = "<group>"; };
		DED33662155D52AA00DBB25E /* first@2x.png */ = {isa = PBXFileReference; lastKnownFileType = image.png; path = "first@2x.png"; sourceTree = "<group>"; };
		DED33664155D52AA00DBB25E /* SecondViewController.h */ = {isa = PBXFileReference; path = SecondViewController.h; sourceTree = "<group>"; };
		DED33665155D52AA00DBB25E /* SecondViewController.m */ = {isa = PBXFileReference; lastKnownFileType = sourcecode.c.objc; path = SecondViewController.m; sourceTree = "<group>"; };
		DED33667155D52AA00DBB25E /* second.png */ = {isa = PBXFileReference; lastKnownFileType = image.png; path = second.png; sourceTree = "<group>"; };
		DED33669155D52AA00DBB25E /* second@2x.png */ = {isa = PBXFileReference; lastKnownFileType = image.png; path = "second@2x.png"; sourceTree = "<group>"; };
		DED33670155D52AA00DBB25E /* OOL Sample AdhocTests.octest */ = {isa = PBXFileReference; explicitFileType = wrapper.cfbundle; includeInIndex = 0; path = "OOL Sample AdhocTests.octest"; sourceTree = BUILT_PRODUCTS_DIR; };
		DED33671155D52AA00DBB25E /* SenTestingKit.framework */ = {isa = PBXFileReference; lastKnownFileType = wrapper.framework; name = SenTestingKit.framework; path = Library/Frameworks/SenTestingKit.framework; sourceTree = DEVELOPER_DIR; };
		DED33679155D52AA00DBB25E /* OOL Sample AdhocTests-Info.plist */ = {isa = PBXFileReference; path = "OOL Sample AdhocTests-Info.plist"; sourceTree = "<group>"; };
		DED3367B155D52AA00DBB25E /* en */ = {isa = PBXFileReference; lastKnownFileType = text.plist.strings; name = en; path = en.lproj/InfoPlist.strings; sourceTree = "<group>"; };
		DED3367D155D52AA00DBB25E /* OOL_Sample_AdhocTests.h */ = {isa = PBXFileReference; path = OOL_Sample_AdhocTests.h; sourceTree = "<group>"; };
		DED3367E155D52AA00DBB25E /* OOL_Sample_AdhocTests.m */ = {isa = PBXFileReference; lastKnownFileType = sourcecode.c.objc; path = OOL_Sample_AdhocTests.m; sourceTree = "<group>"; };
/* End PBXFileReference section */

/* Begin PBXFrameworksBuildPhase section */
		DED3363E155D52AA00DBB25E /* Frameworks */ = {
			isa = PBXFrameworksBuildPhase;
			buildActionMask = 2147483647;
			files = (
				DED33646155D52AA00DBB25E /* UIKit.framework in Frameworks */,
				DED33648155D52AA00DBB25E /* Foundation.framework in Frameworks */,
				DED3364A155D52AA00DBB25E /* CoreGraphics.framework in Frameworks */,
			);
			runOnlyForDeploymentPostprocessing = 0;
		};
		DED3366C155D52AA00DBB25E /* Frameworks */ = {
			isa = PBXFrameworksBuildPhase;
			buildActionMask = 2147483647;
			files = (
				DED33672155D52AA00DBB25E /* SenTestingKit.framework in Frameworks */,
				DED33673155D52AA00DBB25E /* UIKit.framework in Frameworks */,
				DED33674155D52AA00DBB25E /* Foundation.framework in Frameworks */,
			);
			runOnlyForDeploymentPostprocessing = 0;
		};
/* End PBXFrameworksBuildPhase section */

/* Begin PBXGroup section */
		DED33636155D52AA00DBB25E = {
			isa = PBXGroup;
			children = (
				DED3364B155D52AA00DBB25E /* OOL Sample Adhoc */,
				DED33677155D52AA00DBB25E /* OOL Sample AdhocTests */,
				DED33644155D52AA00DBB25E /* Frameworks */,
				DED33642155D52AA00DBB25E /* Products */,
			);
			sourceTree = "<group>";
		};
		DED33642155D52AA00DBB25E /* Products */ = {
			isa = PBXGroup;
			children = (
				DED33641155D52AA00DBB25E /* OOL Sample Adhoc.app */,
				DED33670155D52AA00DBB25E /* OOL Sample AdhocTests.octest */,
			);
			name = Products;
			sourceTree = "<group>";
		};
		DED33644155D52AA00DBB25E /* Frameworks */ = {
			isa = PBXGroup;
			children = (
				DED33645155D52AA00DBB25E /* UIKit.framework */,
				DED33647155D52AA00DBB25E /* Foundation.framework */,
				DED33649155D52AA00DBB25E /* CoreGraphics.framework */,
				DED33671155D52AA00DBB25E /* SenTestingKit.framework */,
			);
			name = Frameworks;
			sourceTree = "<group>";
		};
		DED3364B155D52AA00DBB25E /* OOL Sample Adhoc */ = {
			isa = PBXGroup;
			children = (
				DED33654155D52AA00DBB25E /* AppDelegate.h */,
				DED33655155D52AA00DBB25E /* AppDelegate.m */,
				DED33657155D52AA00DBB25E /* MainStoryboard_iPhone.storyboard */,
				DED3365A155D52AA00DBB25E /* MainStoryboard_iPad.storyboard */,
				DED3365D155D52AA00DBB25E /* FirstViewController.h */,
				DED3365E155D52AA00DBB25E /* FirstViewController.m */,
				DED33660155D52AA00DBB25E /* first.png */,
				DED33662155D52AA00DBB25E /* first@2x.png */,
				DED33664155D52AA00DBB25E /* SecondViewController.h */,
				DED33665155D52AA00DBB25E /* SecondViewController.m */,
				DED33667155D52AA00DBB25E /* second.png */,
				DED33669155D52AA00DBB25E /* second@2x.png */,
				DED3364C155D52AA00DBB25E /* Supporting Files */,
			);
			path = "OOL Sample Adhoc";
			sourceTree = "<group>";
		};
		DED3364C155D52AA00DBB25E /* Supporting Files */ = {
			isa = PBXGroup;
			children = (
				DED3364D155D52AA00DBB25E /* OOL Sample Adhoc-Info.plist */,
				DED3364E155D52AA00DBB25E /* InfoPlist.strings */,
				DED33651155D52AA00DBB25E /* main.m */,
				DED33653155D52AA00DBB25E /* OOL Sample Adhoc-Prefix.pch */,
			);
			name = "Supporting Files";
			sourceTree = "<group>";
		};
		DED33677155D52AA00DBB25E /* OOL Sample AdhocTests */ = {
			isa = PBXGroup;
			children = (
				DED3367D155D52AA00DBB25E /* OOL_Sample_AdhocTests.h */,
				DED3367E155D52AA00DBB25E /* OOL_Sample_AdhocTests.m */,
				DED33678155D52AA00DBB25E /* Supporting Files */,
			);
			path = "OOL Sample AdhocTests";
			sourceTree = "<group>";
		};
		DED33678155D52AA00DBB25E /* Supporting Files */ = {
			isa = PBXGroup;
			children = (
				DED33679155D52AA00DBB25E /* OOL Sample AdhocTests-Info.plist */,
				DED3367A155D52AA00DBB25E /* InfoPlist.strings */,
			);
			name = "Supporting Files";
			sourceTree = "<group>";
		};
/* End PBXGroup section */

/* Begin PBXNativeTarget section */
		DED33640155D52AA00DBB25E /* OOL Sample Adhoc */ = {
			isa = PBXNativeTarget;
			buildConfigurationList = DED33682155D52AA00DBB25E /* Build configuration list for PBXNativeTarget "OOL Sample Adhoc" */;
			buildPhases = (
				DED3363D155D52AA00DBB25E /* Sources */,
				DED3363E155D52AA00DBB25E /* Frameworks */,
				DED3363F155D52AA00DBB25E /* Resources */,
			);
			buildRules = (
			);
			dependencies = (
			);
			name = "OOL Sample Adhoc";
			productName = "OOL Sample Adhoc";
			productReference = DED33641155D52AA00DBB25E /* OOL Sample Adhoc.app */;
			productType = "com.apple.product-type.application";
		};
		DED3366F155D52AA00DBB25E /* OOL Sample AdhocTests */ = {
			isa = PBXNativeTarget;
			buildConfigurationList = DED33685155D52AA00DBB25E /* Build configuration list for PBXNativeTarget "OOL Sample AdhocTests" */;
			buildPhases = (
				DED3366B155D52AA00DBB25E /* Sources */,
				DED3366C155D52AA00DBB25E /* Frameworks */,
				DED3366D155D52AA00DBB25E /* Resources */,
				DED3366E155D52AA00DBB25E /* ShellScript */,
			);
			buildRules = (
			);
			dependencies = (
				DED33676155D52AA00DBB25E /* PBXTargetDependency */,
			);
			name = "OOL Sample AdhocTests";
			productName = "OOL Sample AdhocTests";
			productReference = DED33670155D52AA00DBB25E /* OOL Sample AdhocTests.octest */;
			productType = "com.apple.product-type.bundle";
		};
/* End PBXNativeTarget section */

/* Begin PBXProject section */
		DED33638155D52AA00DBB25E /* Project object */ = {
			isa = PBXProject;
			attributes = {
				LastUpgradeCheck = 0430;
			};
			buildConfigurationList = DED3363B155D52AA00DBB25E /* Build configuration list for PBXProject "OOL Sample Adhoc" */;
			compatibilityVersion = "Xcode 3.2";
			developmentRegion = English;
			hasScannedForEncodings = 0;
			knownRegions = (
				en,
			);
			mainGroup = DED33636155D52AA00DBB25E;
			productRefGroup = DED33642155D52AA00DBB25E /* Products */;
			projectDirPath = "";
			projectRoot = "";
			targets = (
				DED33640155D52AA00DBB25E /* OOL Sample Adhoc */,
				DED3366F155D52AA00DBB25E /* OOL Sample AdhocTests */,
			);
		};
/* End PBXProject section */

/* Begin PBXResourcesBuildPhase section */
		DED3363F155D52AA00DBB25E /* Resources */ = {
			isa = PBXResourcesBuildPhase;
			buildActionMask = 2147483647;
			files = (
				DED33650155D52AA00DBB25E /* InfoPlist.strings in Resources */,
				DED33659155D52AA00DBB25E /* MainStoryboard_iPhone.storyboard in Resources */,
				DED3365C155D52AA00DBB25E /* MainStoryboard_iPad.storyboard in Resources */,
				DED33661155D52AA00DBB25E /* first.png in Resources */,
				DED33663155D52AA00DBB25E /* first@2x.png in Resources */,
				DED33668155D52AA00DBB25E /* second.png in Resources */,
				DED3366A155D52AA00DBB25E /* second@2x.png in Resources */,
			);
			runOnlyForDeploymentPostprocessing = 0;
		};
		DED3366D155D52AA00DBB25E /* Resources */ = {
			isa = PBXResourcesBuildPhase;
			buildActionMask = 2147483647;
			files = (
				DED3367C155D52AA00DBB25E /* InfoPlist.strings in Resources */,
			);
			runOnlyForDeploymentPostprocessing = 0;
		};
/* End PBXResourcesBuildPhase section */

/* Begin PBXShellScriptBuildPhase section */
		DED3366E155D52AA00DBB25E /* ShellScript */ = {
			isa = PBXShellScriptBuildPhase;
			buildActionMask = 2147483647;
			files = (
			);
			inputPaths = (
			);
			outputPaths = (
			);
			runOnlyForDeploymentPostprocessing = 0;
			shellPath = /bin/sh;
			shellScript = "# Run the unit tests in this test bundle.\n\"${SYSTEM_DEVELOPER_DIR}/Tools/RunUnitTests\"\n";
		};
/* End PBXShellScriptBuildPhase section */

/* Begin PBXSourcesBuildPhase section */
		DED3363D155D52AA00DBB25E /* Sources */ = {
			isa = PBXSourcesBuildPhase;
			buildActionMask = 2147483647;
			files = (
				DED33652155D52AA00DBB25E /* main.m in Sources */,
				DED33656155D52AA00DBB25E /* AppDelegate.m in Sources */,
				DED3365F155D52AA00DBB25E /* FirstViewController.m in Sources */,
				DED33666155D52AA00DBB25E /* SecondViewController.m in Sources */,
			);
			runOnlyForDeploymentPostprocessing = 0;
		};
		DED3366B155D52AA00DBB25E /* Sources */ = {
			isa = PBXSourcesBuildPhase;
			buildActionMask = 2147483647;
			files = (
				DED3367F155D52AA00DBB25E /* OOL_Sample_AdhocTests.m in Sources */,
			);
			runOnlyForDeploymentPostprocessing = 0;
		};
/* End PBXSourcesBuildPhase section */

/* Begin PBXTargetDependency section */
		DED33676155D52AA00DBB25E /* PBXTargetDependency */ = {
			isa = PBXTargetDependency;
			target = DED33640155D52AA00DBB25E /* OOL Sample Adhoc */;
			targetProxy = DED33675155D52AA00DBB25E /* PBXContainerItemProxy */;
		};
/* End PBXTargetDependency section */

/* Begin PBXVariantGroup section */
		DED3364E155D52AA00DBB25E /* InfoPlist.strings */ = {
			isa = PBXVariantGroup;
			children = (
				DED3364F155D52AA00DBB25E /* en */,
			);
			name = InfoPlist.strings;
			sourceTree = "<group>";
		};
		DED33657155D52AA00DBB25E /* MainStoryboard_iPhone.storyboard */ = {
			isa = PBXVariantGroup;
			children = (
				DED33658155D52AA00DBB25E /* en */,
			);
			name = MainStoryboard_iPhone.storyboard;
			sourceTree = "<group>";
		};
		DED3365A155D52AA00DBB25E /* MainStoryboard_iPad.storyboard */ = {
			isa = PBXVariantGroup;
			children = (
				DED3365B155D52AA00DBB25E /* en */,
			);
			name = MainStoryboard_iPad.storyboard;
			sourceTree = "<group>";
		};
		DED3367A155D52AA00DBB25E /* InfoPlist.strings */ = {
			isa = PBXVariantGroup;
			children = (
				DED3367B155D52AA00DBB25E /* en */,
			);
			name = InfoPlist.strings;
			sourceTree = "<group>";
		};
/* End PBXVariantGroup section */

/* Begin XCBuildConfiguration section */
		DED33680155D52AA00DBB25E /* Debug */ = {
			isa = XCBuildConfiguration;
			buildSettings = {
				ALWAYS_SEARCH_USER_PATHS = NO;
				ARCHS = "$(ARCHS_STANDARD_32_BIT)";
				CLANG_ENABLE_OBJC_ARC = YES;
				"CODE_SIGN_IDENTITY[sdk=iphoneos*]" = "iPhone Developer";
				COPY_PHASE_STRIP = NO;
				GCC_C_LANGUAGE_STANDARD = gnu99;
				GCC_DYNAMIC_NO_PIC = NO;
				GCC_OPTIMIZATION_LEVEL = 0;
				GCC_PREPROCESSOR_DEFINITIONS = (
					"DEBUG=1",
					"$(inherited)",
				);
				GCC_SYMBOLS_PRIVATE_EXTERN = NO;
				GCC_VERSION = com.apple.compilers.llvm.clang.1_0;
				GCC_WARN_ABOUT_RETURN_TYPE = YES;
				GCC_WARN_UNINITIALIZED_AUTOS = YES;
				GCC_WARN_UNUSED_VARIABLE = YES;
				IPHONEOS_DEPLOYMENT_TARGET = 5.1;
				SDKROOT = iphoneos;
				TARGETED_DEVICE_FAMILY = "1,2";
			};
			name = Debug;
		};
		DED33681155D52AA00DBB25E /* Release */ = {
			isa = XCBuildConfiguration;
			buildSettings = {
				ALWAYS_SEARCH_USER_PATHS = NO;
				ARCHS = "$(ARCHS_STANDARD_32_BIT)";
				CLANG_ENABLE_OBJC_ARC = YES;
				"CODE_SIGN_IDENTITY[sdk=iphoneos*]" = "iPhone Developer";
				COPY_PHASE_STRIP = YES;
				GCC_C_LANGUAGE_STANDARD = gnu99;
				GCC_VERSION = com.apple.compilers.llvm.clang.1_0;
				GCC_WARN_ABOUT_RETURN_TYPE = YES;
				GCC_WARN_UNINITIALIZED_AUTOS = YES;
				GCC_WARN_UNUSED_VARIABLE = YES;
				IPHONEOS_DEPLOYMENT_TARGET = 5.1;
				OTHER_CFLAGS = "-DNS_BLOCK_ASSERTIONS=1";
				SDKROOT = iphoneos;
				TARGETED_DEVICE_FAMILY = "1,2";
				VALIDATE_PRODUCT = YES;
			};
			name = Release;
		};
		DED33683155D52AA00DBB25E /* Debug */ = {
			isa = XCBuildConfiguration;
			buildSettings = {
				GCC_PRECOMPILE_PREFIX_HEADER = YES;
				GCC_PREFIX_HEADER = "OOL Sample Adhoc/OOL Sample Adhoc-Prefix.pch";
				INFOPLIST_FILE = "OOL Sample Adhoc/OOL Sample Adhoc-Info.plist";
				PRODUCT_NAME = "$(TARGET_NAME)";
				WRAPPER_EXTENSION = app;
			};
			name = Debug;
		};
		DED33684155D52AA00DBB25E /* Release */ = {
			isa = XCBuildConfiguration;
			buildSettings = {
				GCC_PRECOMPILE_PREFIX_HEADER = YES;
				GCC_PREFIX_HEADER = "OOL Sample Adhoc/OOL Sample Adhoc-Prefix.pch";
				INFOPLIST_FILE = "OOL Sample Adhoc/OOL Sample Adhoc-Info.plist";
				PRODUCT_NAME = "$(TARGET_NAME)";
				WRAPPER_EXTENSION = app;
			};
			name = Release;
		};
		DED33686155D52AA00DBB25E /* Debug */ = {
			isa = XCBuildConfiguration;
			buildSettings = {
				BUNDLE_LOADER = "$(BUILT_PRODUCTS_DIR)/OOL Sample Adhoc.app/OOL Sample Adhoc";
				FRAMEWORK_SEARCH_PATHS = (
					"$(SDKROOT)/Developer/Library/Frameworks",
					"$(DEVELOPER_LIBRARY_DIR)/Frameworks",
				);
				GCC_PRECOMPILE_PREFIX_HEADER = YES;
				GCC_PREFIX_HEADER = "OOL Sample Adhoc/OOL Sample Adhoc-Prefix.pch";
				INFOPLIST_FILE = "OOL Sample AdhocTests/OOL Sample AdhocTests-Info.plist";
				PRODUCT_NAME = "$(TARGET_NAME)";
				TEST_HOST = "$(BUNDLE_LOADER)";
				WRAPPER_EXTENSION = octest;
			};
			name = Debug;
		};
		DED33687155D52AA00DBB25E /* Release */ = {
			isa = XCBuildConfiguration;
			buildSettings = {
				BUNDLE_LOADER = "$(BUILT_PRODUCTS_DIR)/OOL Sample Adhoc.app/OOL Sample Adhoc";
				FRAMEWORK_SEARCH_PATHS = (
					"$(SDKROOT)/Developer/Library/Frameworks",
					"$(DEVELOPER_LIBRARY_DIR)/Frameworks",
				);
				GCC_PRECOMPILE_PREFIX_HEADER = YES;
				GCC_PREFIX_HEADER = "OOL Sample Adhoc/OOL Sample Adhoc-Prefix.pch";
				INFOPLIST_FILE = "OOL Sample AdhocTests/OOL Sample AdhocTests-Info.plist";
				PRODUCT_NAME = "$(TARGET_NAME)";
				TEST_HOST = "$(BUNDLE_LOADER)";
				WRAPPER_EXTENSION = octest;
			};
			name = Release;
		};
/* End XCBuildConfiguration section */

/* Begin XCConfigurationList section */
		DED3363B155D52AA00DBB25E /* Build configuration list for PBXProject "OOL Sample Adhoc" */ = {
			isa = XCConfigurationList;
			buildConfigurations = (
				DED33680155D52AA00DBB25E /* Debug */,
				DED33681155D52AA00DBB25E /* Release */,
			);
			defaultConfigurationIsVisible = 0;
			defaultConfigurationName = Release;
		};
		DED33682155D52AA00DBB25E /* Build configuration list for PBXNativeTarget "OOL Sample Adhoc" */ = {
			isa = XCConfigurationList;
			buildConfigurations = (
				DED33683155D52AA00DBB25E /* Debug */,
				DED33684155D52AA00DBB25E /* Release */,
			);
			defaultConfigurationIsVisible = 0;
		};
		DED33685155D52AA00DBB25E /* Build configuration list for PBXNativeTarget "OOL Sample AdhocTests" */ = {
			isa = XCConfigurationList;
			buildConfigurations = (
				DED33686155D52AA00DBB25E /* Debug */,
				DED33687155D52AA00DBB25E /* Release */,
			);
			defaultConfigurationIsVisible = 0;
		};
/* End XCConfigurationList section */
	};
	rootObject = DED33638155D52AA00DBB25E /* Project object */;
}
